
Microsoft Visual Studio Solution File, Format Version 12.00
# Visual Studio Version 17
VisualStudioVersion = 17.5.002.0
MinimumVisualStudioVersion = 10.0.40219.1
Project("{9A19103F-16F7-4668-BE54-9A1E7A4F7556}") = "RaioETrovao", "RaioETrovao.csproj", "{27692A19-F17E-4D59-8279-A2E1CE154248}"
EndProject
Global
	GlobalSection(SolutionConfigurationPlatforms) = preSolution
		Debug|Any CPU = Debug|Any CPU
		Release|Any CPU = Release|Any CPU
	EndGlobalSection
	GlobalSection(ProjectConfigurationPlatforms) = postSolution
		{27692A19-F17E-4D59-8279-A2E1CE154248}.Debug|Any CPU.ActiveCfg = Debug|Any CPU
		{27692A19-F17E-4D59-8279-A2E1CE154248}.Debug|Any CPU.Build.0 = Debug|Any CPU
		{27692A19-F17E-4D59-8279-A2E1CE154248}.Release|Any CPU.ActiveCfg = Release|Any CPU
		{27692A19-F17E-4D59-8279-A2E1CE154248}.Release|Any CPU.Build.0 = Release|Any CPU
	EndGlobalSection
	GlobalSection(SolutionProperties) = preSolution
		HideSolutionNode = FALSE
	EndGlobalSection
	GlobalSection(ExtensibilityGlobals) = postSolution
		SolutionGuid = {7F0ECAEE-5BEC-4FA3-9EB1-0EE8046AB725}
	EndGlobalSection
EndGlobal
